
Microsoft Visual Studio Solution File, Format Version 12.00
# Visual Studio Version 17
VisualStudioVersion = 17.12.35707.178 d17.12
MinimumVisualStudioVersion = 10.0.40219.1
Project("{FAE04EC0-301F-11D3-BF4B-00C04F79EFBC}") = "gmtk_loop_game", "gmtk_loop_game.csproj", "{8220CC09-C126-413C-A682-6523386380E5}"
EndProject
Project("{FAE04EC0-301F-11D3-BF4B-00C04F79EFBC}") = "JairLib", "..\JairLib\JairLib.csproj", "{ED84DB1F-603F-4FFC-AACC-50241A8AEAC5}"
EndProject
Global
	GlobalSection(SolutionConfigurationPlatforms) = preSolution
		Debug|Any CPU = Debug|Any CPU
		Release|Any CPU = Release|Any CPU
	EndGlobalSection
	GlobalSection(ProjectConfigurationPlatforms) = postSolution
		{8220CC09-C126-413C-A682-6523386380E5}.Debug|Any CPU.ActiveCfg = Debug|Any CPU
		{8220CC09-C126-413C-A682-6523386380E5}.Debug|Any CPU.Build.0 = Debug|Any CPU
		{8220CC09-C126-413C-A682-6523386380E5}.Release|Any CPU.ActiveCfg = Release|Any CPU
		{8220CC09-C126-413C-A682-6523386380E5}.Release|Any CPU.Build.0 = Release|Any CPU
		{ED84DB1F-603F-4FFC-AACC-50241A8AEAC5}.Debug|Any CPU.ActiveCfg = Debug|Any CPU
		{ED84DB1F-603F-4FFC-AACC-50241A8AEAC5}.Debug|Any CPU.Build.0 = Debug|Any CPU
		{ED84DB1F-603F-4FFC-AACC-50241A8AEAC5}.Release|Any CPU.ActiveCfg = Release|Any CPU
		{ED84DB1F-603F-4FFC-AACC-50241A8AEAC5}.Release|Any CPU.Build.0 = Release|Any CPU
	EndGlobalSection
	GlobalSection(SolutionProperties) = preSolution
		HideSolutionNode = FALSE
	EndGlobalSection
EndGlobal
